
Microsoft Visual Studio Solution File, Format Version 12.00
# Visual Studio Version 16
VisualStudioVersion = 16.0.30225.117
MinimumVisualStudioVersion = 10.0.40219.1
Project("{FAE04EC0-301F-11D3-BF4B-00C04F79EFBC}") = "TimeCacheNetworkServer", "TimeCacheNetworkServer\TimeCacheNetworkServer.csproj", "{610294AC-C0A6-4210-8A44-C933892FFAAA}"
EndProject
Project("{FAE04EC0-301F-11D3-BF4B-00C04F79EFBC}") = "SimpleStatsGenerator", "SimpleStatsGenerator\SimpleStatsGenerator.csproj", "{FF7862A8-7A46-4516-A2BF-1AC9D277A1AF}"
EndProject
Project("{FAE04EC0-301F-11D3-BF4B-00C04F79EFBC}") = "PostgresqlCommunicator", "PostgresqlCommunicator\PostgresqlCommunicator.csproj", "{FFC0465B-F9D0-4626-93E3-15D056C6B324}"
EndProject
Project("{FAE04EC0-301F-11D3-BF4B-00C04F79EFBC}") = "Utils", "Utils\Utils.csproj", "{A27B5888-3EC7-4FE3-B336-91806AAFF09E}"
EndProject
Project("{FAE04EC0-301F-11D3-BF4B-00C04F79EFBC}") = "TimeCacheGUI", "TimeCacheGUI\TimeCacheGUI.csproj", "{85C0ABA6-101D-4F52-8211-9E6DAD4DED1D}"
EndProject
Project("{FAE04EC0-301F-11D3-BF4B-00C04F79EFBC}") = "SLog", "SLog\SLog.csproj", "{93A1BBA2-BA05-4E20-AED0-98219FB91A06}"
EndProject
Project("{FAE04EC0-301F-11D3-BF4B-00C04F79EFBC}") = "TimeCacheService", "TimeCacheService\TimeCacheService.csproj", "{CFCBE90F-4E37-4453-AC26-B5C8D26EFE97}"
EndProject
Project("{FAE04EC0-301F-11D3-BF4B-00C04F79EFBC}") = "GenerateTestData", "GenerateTestData\GenerateTestData.csproj", "{7242D455-EE3F-4E77-9531-B2229F805720}"
EndProject
Project("{FAE04EC0-301F-11D3-BF4B-00C04F79EFBC}") = "ClientTester", "ClientTester\ClientTester.csproj", "{315EBC2F-0C7F-409D-8F29-74CF5507BD9F}"
EndProject
Project("{2150E333-8FDC-42A3-9474-1A3956D46DE8}") = "Solution Items", "Solution Items", "{2A39B46B-E669-4718-BA23-7D156D5B99F5}"
	ProjectSection(SolutionItems) = preProject
		Examples.txt = Examples.txt
		Notes.txt = Notes.txt
		TODO.txt = TODO.txt
	EndProjectSection
EndProject
Project("{FAE04EC0-301F-11D3-BF4B-00C04F79EFBC}") = "ConsoleApp1", "ConsoleApp1\ConsoleApp1.csproj", "{7EFE68F5-7FA4-4D29-9375-C2BBD42A5A9D}"
EndProject
Project("{FAE04EC0-301F-11D3-BF4B-00C04F79EFBC}") = "ServerTester", "ServerTester\ServerTester.csproj", "{5C5A188A-A438-49A6-A6D5-9DB9A016D74D}"
EndProject
Project("{FAE04EC0-301F-11D3-BF4B-00C04F79EFBC}") = "SetupTestDatabase", "SetupTestDatabase\SetupTestDatabase.csproj", "{619EACE0-9D27-4F2E-9E2F-5E84882F1841}"
EndProject
Global
	GlobalSection(SolutionConfigurationPlatforms) = preSolution
		Debug|Any CPU = Debug|Any CPU
		Release|Any CPU = Release|Any CPU
	EndGlobalSection
	GlobalSection(ProjectConfigurationPlatforms) = postSolution
		{610294AC-C0A6-4210-8A44-C933892FFAAA}.Debug|Any CPU.ActiveCfg = Debug|Any CPU
		{610294AC-C0A6-4210-8A44-C933892FFAAA}.Debug|Any CPU.Build.0 = Debug|Any CPU
		{610294AC-C0A6-4210-8A44-C933892FFAAA}.Release|Any CPU.ActiveCfg = Release|Any CPU
		{610294AC-C0A6-4210-8A44-C933892FFAAA}.Release|Any CPU.Build.0 = Release|Any CPU
		{FF7862A8-7A46-4516-A2BF-1AC9D277A1AF}.Debug|Any CPU.ActiveCfg = Debug|Any CPU
		{FF7862A8-7A46-4516-A2BF-1AC9D277A1AF}.Debug|Any CPU.Build.0 = Debug|Any CPU
		{FF7862A8-7A46-4516-A2BF-1AC9D277A1AF}.Release|Any CPU.ActiveCfg = Release|Any CPU
		{FF7862A8-7A46-4516-A2BF-1AC9D277A1AF}.Release|Any CPU.Build.0 = Release|Any CPU
		{FFC0465B-F9D0-4626-93E3-15D056C6B324}.Debug|Any CPU.ActiveCfg = Debug|Any CPU
		{FFC0465B-F9D0-4626-93E3-15D056C6B324}.Debug|Any CPU.Build.0 = Debug|Any CPU
		{FFC0465B-F9D0-4626-93E3-15D056C6B324}.Release|Any CPU.ActiveCfg = Release|Any CPU
		{FFC0465B-F9D0-4626-93E3-15D056C6B324}.Release|Any CPU.Build.0 = Release|Any CPU
		{A27B5888-3EC7-4FE3-B336-91806AAFF09E}.Debug|Any CPU.ActiveCfg = Debug|Any CPU
		{A27B5888-3EC7-4FE3-B336-91806AAFF09E}.Debug|Any CPU.Build.0 = Debug|Any CPU
		{A27B5888-3EC7-4FE3-B336-91806AAFF09E}.Release|Any CPU.ActiveCfg = Release|Any CPU
		{A27B5888-3EC7-4FE3-B336-91806AAFF09E}.Release|Any CPU.Build.0 = Release|Any CPU
		{85C0ABA6-101D-4F52-8211-9E6DAD4DED1D}.Debug|Any CPU.ActiveCfg = Debug|Any CPU
		{85C0ABA6-101D-4F52-8211-9E6DAD4DED1D}.Debug|Any CPU.Build.0 = Debug|Any CPU
		{85C0ABA6-101D-4F52-8211-9E6DAD4DED1D}.Release|Any CPU.ActiveCfg = Release|Any CPU
		{85C0ABA6-101D-4F52-8211-9E6DAD4DED1D}.Release|Any CPU.Build.0 = Release|Any CPU
		{93A1BBA2-BA05-4E20-AED0-98219FB91A06}.Debug|Any CPU.ActiveCfg = Debug|Any CPU
		{93A1BBA2-BA05-4E20-AED0-98219FB91A06}.Debug|Any CPU.Build.0 = Debug|Any CPU
		{93A1BBA2-BA05-4E20-AED0-98219FB91A06}.Release|Any CPU.ActiveCfg = Release|Any CPU
		{93A1BBA2-BA05-4E20-AED0-98219FB91A06}.Release|Any CPU.Build.0 = Release|Any CPU
		{CFCBE90F-4E37-4453-AC26-B5C8D26EFE97}.Debug|Any CPU.ActiveCfg = Debug|Any CPU
		{CFCBE90F-4E37-4453-AC26-B5C8D26EFE97}.Debug|Any CPU.Build.0 = Debug|Any CPU
		{CFCBE90F-4E37-4453-AC26-B5C8D26EFE97}.Release|Any CPU.ActiveCfg = Release|Any CPU
		{CFCBE90F-4E37-4453-AC26-B5C8D26EFE97}.Release|Any CPU.Build.0 = Release|Any CPU
		{7242D455-EE3F-4E77-9531-B2229F805720}.Debug|Any CPU.ActiveCfg = Debug|Any CPU
		{7242D455-EE3F-4E77-9531-B2229F805720}.Debug|Any CPU.Build.0 = Debug|Any CPU
		{7242D455-EE3F-4E77-9531-B2229F805720}.Release|Any CPU.ActiveCfg = Release|Any CPU
		{7242D455-EE3F-4E77-9531-B2229F805720}.Release|Any CPU.Build.0 = Release|Any CPU
		{315EBC2F-0C7F-409D-8F29-74CF5507BD9F}.Debug|Any CPU.ActiveCfg = Debug|Any CPU
		{315EBC2F-0C7F-409D-8F29-74CF5507BD9F}.Debug|Any CPU.Build.0 = Debug|Any CPU
		{315EBC2F-0C7F-409D-8F29-74CF5507BD9F}.Release|Any CPU.ActiveCfg = Release|Any CPU
		{315EBC2F-0C7F-409D-8F29-74CF5507BD9F}.Release|Any CPU.Build.0 = Release|Any CPU
		{7EFE68F5-7FA4-4D29-9375-C2BBD42A5A9D}.Debug|Any CPU.ActiveCfg = Debug|Any CPU
		{7EFE68F5-7FA4-4D29-9375-C2BBD42A5A9D}.Debug|Any CPU.Build.0 = Debug|Any CPU
		{7EFE68F5-7FA4-4D29-9375-C2BBD42A5A9D}.Release|Any CPU.ActiveCfg = Release|Any CPU
		{7EFE68F5-7FA4-4D29-9375-C2BBD42A5A9D}.Release|Any CPU.Build.0 = Release|Any CPU
		{5C5A188A-A438-49A6-A6D5-9DB9A016D74D}.Debug|Any CPU.ActiveCfg = Debug|Any CPU
		{5C5A188A-A438-49A6-A6D5-9DB9A016D74D}.Debug|Any CPU.Build.0 = Debug|Any CPU
		{5C5A188A-A438-49A6-A6D5-9DB9A016D74D}.Release|Any CPU.ActiveCfg = Release|Any CPU
		{5C5A188A-A438-49A6-A6D5-9DB9A016D74D}.Release|Any CPU.Build.0 = Release|Any CPU
		{619EACE0-9D27-4F2E-9E2F-5E84882F1841}.Debug|Any CPU.ActiveCfg = Debug|Any CPU
		{619EACE0-9D27-4F2E-9E2F-5E84882F1841}.Debug|Any CPU.Build.0 = Debug|Any CPU
		{619EACE0-9D27-4F2E-9E2F-5E84882F1841}.Release|Any CPU.ActiveCfg = Release|Any CPU
		{619EACE0-9D27-4F2E-9E2F-5E84882F1841}.Release|Any CPU.Build.0 = Release|Any CPU
	EndGlobalSection
	GlobalSection(SolutionProperties) = preSolution
		HideSolutionNode = FALSE
	EndGlobalSection
	GlobalSection(ExtensibilityGlobals) = postSolution
		SolutionGuid = {9BE1B9A3-D253-4E7F-B3AD-C60E91C05690}
	EndGlobalSection
EndGlobal
